
Microsoft Visual Studio Solution File, Format Version 12.00
# Visual Studio Version 17
VisualStudioVersion = 17.4.33110.190
MinimumVisualStudioVersion = 10.0.40219.1
Project("{FAE04EC0-301F-11D3-BF4B-00C04F79EFBC}") = "clase-10marzo-poo", "clase-10marzo-poo\clase-10marzo-poo.csproj", "{3ED1ACB9-01BC-4F0F-8C6E-FBC574381422}"
EndProject
Global
	GlobalSection(SolutionConfigurationPlatforms) = preSolution
		Debug|Any CPU = Debug|Any CPU
		Release|Any CPU = Release|Any CPU
	EndGlobalSection
	GlobalSection(ProjectConfigurationPlatforms) = postSolution
		{3ED1ACB9-01BC-4F0F-8C6E-FBC574381422}.Debug|Any CPU.ActiveCfg = Debug|Any CPU
		{3ED1ACB9-01BC-4F0F-8C6E-FBC574381422}.Debug|Any CPU.Build.0 = Debug|Any CPU
		{3ED1ACB9-01BC-4F0F-8C6E-FBC574381422}.Release|Any CPU.ActiveCfg = Release|Any CPU
		{3ED1ACB9-01BC-4F0F-8C6E-FBC574381422}.Release|Any CPU.Build.0 = Release|Any CPU
	EndGlobalSection
	GlobalSection(SolutionProperties) = preSolution
		HideSolutionNode = FALSE
	EndGlobalSection
	GlobalSection(ExtensibilityGlobals) = postSolution
		SolutionGuid = {506DCB83-4BA5-44BC-A81F-C72E95474CDD}
	EndGlobalSection
EndGlobal
