
Microsoft Visual Studio Solution File, Format Version 12.00
# Visual Studio Version 17
VisualStudioVersion = 17.4.33110.190
MinimumVisualStudioVersion = 10.0.40219.1
Project("{FAE04EC0-301F-11D3-BF4B-00C04F79EFBC}") = "sueldo", "sueldo\sueldo.csproj", "{917D1E25-9A3D-454D-821D-C98612C470B9}"
EndProject
Global
	GlobalSection(SolutionConfigurationPlatforms) = preSolution
		Debug|Any CPU = Debug|Any CPU
		Release|Any CPU = Release|Any CPU
	EndGlobalSection
	GlobalSection(ProjectConfigurationPlatforms) = postSolution
		{917D1E25-9A3D-454D-821D-C98612C470B9}.Debug|Any CPU.ActiveCfg = Debug|Any CPU
		{917D1E25-9A3D-454D-821D-C98612C470B9}.Debug|Any CPU.Build.0 = Debug|Any CPU
		{917D1E25-9A3D-454D-821D-C98612C470B9}.Release|Any CPU.ActiveCfg = Release|Any CPU
		{917D1E25-9A3D-454D-821D-C98612C470B9}.Release|Any CPU.Build.0 = Release|Any CPU
	EndGlobalSection
	GlobalSection(SolutionProperties) = preSolution
		HideSolutionNode = FALSE
	EndGlobalSection
	GlobalSection(ExtensibilityGlobals) = postSolution
		SolutionGuid = {AE1423A3-021A-4BC4-ABB6-913D66CF1720}
	EndGlobalSection
EndGlobal
