
Microsoft Visual Studio Solution File, Format Version 12.00
# Visual Studio Version 17
VisualStudioVersion = 17.4.33110.190
MinimumVisualStudioVersion = 10.0.40219.1
Project("{FAE04EC0-301F-11D3-BF4B-00C04F79EFBC}") = "clase-14-abril", "clase-14-abril\clase-14-abril.csproj", "{56D56D15-6CA9-43DE-BAC9-9D005F5A03A7}"
EndProject
Global
	GlobalSection(SolutionConfigurationPlatforms) = preSolution
		Debug|Any CPU = Debug|Any CPU
		Release|Any CPU = Release|Any CPU
	EndGlobalSection
	GlobalSection(ProjectConfigurationPlatforms) = postSolution
		{56D56D15-6CA9-43DE-BAC9-9D005F5A03A7}.Debug|Any CPU.ActiveCfg = Debug|Any CPU
		{56D56D15-6CA9-43DE-BAC9-9D005F5A03A7}.Debug|Any CPU.Build.0 = Debug|Any CPU
		{56D56D15-6CA9-43DE-BAC9-9D005F5A03A7}.Release|Any CPU.ActiveCfg = Release|Any CPU
		{56D56D15-6CA9-43DE-BAC9-9D005F5A03A7}.Release|Any CPU.Build.0 = Release|Any CPU
	EndGlobalSection
	GlobalSection(SolutionProperties) = preSolution
		HideSolutionNode = FALSE
	EndGlobalSection
	GlobalSection(ExtensibilityGlobals) = postSolution
		SolutionGuid = {78C6CDCB-6F99-44D3-B1A4-BDD2D2DCE393}
	EndGlobalSection
EndGlobal
