
Microsoft Visual Studio Solution File, Format Version 12.00
# Visual Studio Version 17
VisualStudioVersion = 17.4.33110.190
MinimumVisualStudioVersion = 10.0.40219.1
Project("{FAE04EC0-301F-11D3-BF4B-00C04F79EFBC}") = "clase-13-marzo", "clase-13-marzo\clase-13-marzo.csproj", "{6A605916-5EBF-4F84-A93F-9C24D5F8FBAF}"
EndProject
Global
	GlobalSection(SolutionConfigurationPlatforms) = preSolution
		Debug|Any CPU = Debug|Any CPU
		Release|Any CPU = Release|Any CPU
	EndGlobalSection
	GlobalSection(ProjectConfigurationPlatforms) = postSolution
		{6A605916-5EBF-4F84-A93F-9C24D5F8FBAF}.Debug|Any CPU.ActiveCfg = Debug|Any CPU
		{6A605916-5EBF-4F84-A93F-9C24D5F8FBAF}.Debug|Any CPU.Build.0 = Debug|Any CPU
		{6A605916-5EBF-4F84-A93F-9C24D5F8FBAF}.Release|Any CPU.ActiveCfg = Release|Any CPU
		{6A605916-5EBF-4F84-A93F-9C24D5F8FBAF}.Release|Any CPU.Build.0 = Release|Any CPU
	EndGlobalSection
	GlobalSection(SolutionProperties) = preSolution
		HideSolutionNode = FALSE
	EndGlobalSection
	GlobalSection(ExtensibilityGlobals) = postSolution
		SolutionGuid = {0ABA0A8C-3901-4F44-B222-B43C038C4FAE}
	EndGlobalSection
EndGlobal
