
Microsoft Visual Studio Solution File, Format Version 12.00
# Visual Studio Version 17
VisualStudioVersion = 17.4.33110.190
MinimumVisualStudioVersion = 10.0.40219.1
Project("{FAE04EC0-301F-11D3-BF4B-00C04F79EFBC}") = "ejercicio2-suma-producto", "ejercicio2-suma-producto\ejercicio2-suma-producto.csproj", "{2F576D26-D234-42C3-9B9D-9B881947D75E}"
EndProject
Global
	GlobalSection(SolutionConfigurationPlatforms) = preSolution
		Debug|Any CPU = Debug|Any CPU
		Release|Any CPU = Release|Any CPU
	EndGlobalSection
	GlobalSection(ProjectConfigurationPlatforms) = postSolution
		{2F576D26-D234-42C3-9B9D-9B881947D75E}.Debug|Any CPU.ActiveCfg = Debug|Any CPU
		{2F576D26-D234-42C3-9B9D-9B881947D75E}.Debug|Any CPU.Build.0 = Debug|Any CPU
		{2F576D26-D234-42C3-9B9D-9B881947D75E}.Release|Any CPU.ActiveCfg = Release|Any CPU
		{2F576D26-D234-42C3-9B9D-9B881947D75E}.Release|Any CPU.Build.0 = Release|Any CPU
	EndGlobalSection
	GlobalSection(SolutionProperties) = preSolution
		HideSolutionNode = FALSE
	EndGlobalSection
	GlobalSection(ExtensibilityGlobals) = postSolution
		SolutionGuid = {31B2D275-A489-4850-8B07-8FB33F4D2BB2}
	EndGlobalSection
EndGlobal
