
Microsoft Visual Studio Solution File, Format Version 12.00
# Visual Studio Version 17
VisualStudioVersion = 17.4.33110.190
MinimumVisualStudioVersion = 10.0.40219.1
Project("{FAE04EC0-301F-11D3-BF4B-00C04F79EFBC}") = "clase-06-marzo+", "clase-06-marzo+\clase-06-marzo+.csproj", "{4F314279-4DE6-489D-B7B9-23392FF6ADE5}"
EndProject
Global
	GlobalSection(SolutionConfigurationPlatforms) = preSolution
		Debug|Any CPU = Debug|Any CPU
		Release|Any CPU = Release|Any CPU
	EndGlobalSection
	GlobalSection(ProjectConfigurationPlatforms) = postSolution
		{4F314279-4DE6-489D-B7B9-23392FF6ADE5}.Debug|Any CPU.ActiveCfg = Debug|Any CPU
		{4F314279-4DE6-489D-B7B9-23392FF6ADE5}.Debug|Any CPU.Build.0 = Debug|Any CPU
		{4F314279-4DE6-489D-B7B9-23392FF6ADE5}.Release|Any CPU.ActiveCfg = Release|Any CPU
		{4F314279-4DE6-489D-B7B9-23392FF6ADE5}.Release|Any CPU.Build.0 = Release|Any CPU
	EndGlobalSection
	GlobalSection(SolutionProperties) = preSolution
		HideSolutionNode = FALSE
	EndGlobalSection
	GlobalSection(ExtensibilityGlobals) = postSolution
		SolutionGuid = {56EE2D6A-03F2-47CE-86C8-91C572ABEF51}
	EndGlobalSection
EndGlobal
